
Microsoft Visual Studio Solution File, Format Version 12.00
# Visual Studio Version 16
VisualStudioVersion = 16.0.30711.63
MinimumVisualStudioVersion = 10.0.40219.1
Project("{FAE04EC0-301F-11D3-BF4B-00C04F79EFBC}") = "VeilleTechnoAudioMixer", "VeilleTechnoAudioMixer\VeilleTechnoAudioMixer.csproj", "{72C95E5E-EE4E-4F3D-A53F-414017AB8EB2}"
EndProject
Global
	GlobalSection(SolutionConfigurationPlatforms) = preSolution
		Debug|Any CPU = Debug|Any CPU
		Release|Any CPU = Release|Any CPU
	EndGlobalSection
	GlobalSection(ProjectConfigurationPlatforms) = postSolution
		{72C95E5E-EE4E-4F3D-A53F-414017AB8EB2}.Debug|Any CPU.ActiveCfg = Debug|Any CPU
		{72C95E5E-EE4E-4F3D-A53F-414017AB8EB2}.Debug|Any CPU.Build.0 = Debug|Any CPU
		{72C95E5E-EE4E-4F3D-A53F-414017AB8EB2}.Release|Any CPU.ActiveCfg = Release|Any CPU
		{72C95E5E-EE4E-4F3D-A53F-414017AB8EB2}.Release|Any CPU.Build.0 = Release|Any CPU
	EndGlobalSection
	GlobalSection(SolutionProperties) = preSolution
		HideSolutionNode = FALSE
	EndGlobalSection
	GlobalSection(ExtensibilityGlobals) = postSolution
		SolutionGuid = {CBC1CDFF-E67D-471C-9764-6824F9452957}
	EndGlobalSection
EndGlobal
